
Microsoft Visual Studio Solution File, Format Version 12.00
# Visual Studio Version 17
VisualStudioVersion = 17.0.32112.339
MinimumVisualStudioVersion = 10.0.40219.1
Project("{FAE04EC0-301F-11D3-BF4B-00C04F79EFBC}") = "ArtigoDeTestes", "ArtigoDeTestes\ArtigoDeTestes.csproj", "{6B42E36C-38C5-48E3-AB35-DE27CDF298CE}"
EndProject
Global
	GlobalSection(SolutionConfigurationPlatforms) = preSolution
		Debug|Any CPU = Debug|Any CPU
		Release|Any CPU = Release|Any CPU
	EndGlobalSection
	GlobalSection(ProjectConfigurationPlatforms) = postSolution
		{6B42E36C-38C5-48E3-AB35-DE27CDF298CE}.Debug|Any CPU.ActiveCfg = Debug|Any CPU
		{6B42E36C-38C5-48E3-AB35-DE27CDF298CE}.Debug|Any CPU.Build.0 = Debug|Any CPU
		{6B42E36C-38C5-48E3-AB35-DE27CDF298CE}.Release|Any CPU.ActiveCfg = Release|Any CPU
		{6B42E36C-38C5-48E3-AB35-DE27CDF298CE}.Release|Any CPU.Build.0 = Release|Any CPU
	EndGlobalSection
	GlobalSection(SolutionProperties) = preSolution
		HideSolutionNode = FALSE
	EndGlobalSection
	GlobalSection(ExtensibilityGlobals) = postSolution
		SolutionGuid = {18EC9A5C-0061-42B1-8864-B2259B807162}
	EndGlobalSection
EndGlobal
